github.com/AllenDang/cimgui-go v0.0.0-20231219093052-24bd5dc22643 h1:lhxdXiabL5kqRx5VEHOABr8T25J+IbwxNsbmmSLGrEY=
github.com/AllenDang/cimgui-go v0.0.0-20231219093052-24bd5dc22643/go.mod h1:UH0IZCbsJKA1hAVQQU6AIDfamqTk0/d3VucaN8lp1Gs=
github.com/creack/pty v1.1.21 h1:1/QdRyBaHHJP61QkWMXlOIBfsgdDeeKfK8SYVUWJKf0=
github.com/creack/pty v1.1.21/go.mod h1:MOBLtS5ELjhRRrroQr9kyvTxUAFNvYEK993ew/Vr4O4=
github.com/flopp/go-findfont v0.1.0 h1:lPn0BymDUtJo+ZkV01VS3661HL6F4qFlkhcJN55u6mU=
github.com/flopp/go-findfont v0.1.0/go.mod h1:wKKxRDjD024Rh7VMwoU90i6ikQRCr+JTHB5n4Ejkqvw=
github.com/lmorg/murex v0.0.0-20231219231608-570be9f55495 h1:iqTLvogzcr38jp5np/k175UUuXlXP42Z/DRqN2OYAPo=
github.com/lmorg/murex v0.0.0-20231219231608-570be9f55495/go.mod h1:XDimKXgc5Oy3H8c+cPnIX103MTXuO5XNDj7zTk/L7iE=
github.com/veandco/go-sdl2 v0.4.36 h1:Ltydev536rRQodmIrTWFZ3dRp5A+/6t5CYvbi4Kvia0=
github.com/veandco/go-sdl2 v0.4.36/go.mod h1:OROqMhHD43nT4/i9crJukyVecjPNYYuCofep6SNiAjY=
